
Microsoft Visual Studio Solution File, Format Version 12.00
# Visual Studio Version 17
VisualStudioVersion = 17.0.32014.148
MinimumVisualStudioVersion = 10.0.40219.1
Project("{FAE04EC0-301F-11D3-BF4B-00C04F79EFBC}") = "Identity", "Identity\Identity.csproj", "{03E17489-9A04-4BEE-A702-9D344EDFA625}"
EndProject
Global
	GlobalSection(SolutionConfigurationPlatforms) = preSolution
		Debug|Any CPU = Debug|Any CPU
		Release|Any CPU = Release|Any CPU
	EndGlobalSection
	GlobalSection(ProjectConfigurationPlatforms) = postSolution
		{03E17489-9A04-4BEE-A702-9D344EDFA625}.Debug|Any CPU.ActiveCfg = Debug|Any CPU
		{03E17489-9A04-4BEE-A702-9D344EDFA625}.Debug|Any CPU.Build.0 = Debug|Any CPU
		{03E17489-9A04-4BEE-A702-9D344EDFA625}.Release|Any CPU.ActiveCfg = Release|Any CPU
		{03E17489-9A04-4BEE-A702-9D344EDFA625}.Release|Any CPU.Build.0 = Release|Any CPU
	EndGlobalSection
	GlobalSection(SolutionProperties) = preSolution
		HideSolutionNode = FALSE
	EndGlobalSection
	GlobalSection(ExtensibilityGlobals) = postSolution
		SolutionGuid = {0E50D8EB-2B0A-4EA3-BCC5-FBD1CC4ADC0C}
	EndGlobalSection
EndGlobal
